
Microsoft Visual Studio Solution File, Format Version 12.00
# Visual Studio Version 16
VisualStudioVersion = 16.0.28803.202
MinimumVisualStudioVersion = 10.0.40219.1
Project("{9A19103F-16F7-4668-BE54-9A1E7A4F7556}") = "Snow", "Snow\Snow.csproj", "{B288B387-4F91-4AEB-A970-C5141D6D3222}"
EndProject
Project("{FAE04EC0-301F-11D3-BF4B-00C04F79EFBC}") = "SnowDemo", "SnowDemo\SnowDemo.csproj", "{2CAC8607-E406-4A7F-9DCE-64F1DBE15AB9}"
EndProject
Global
	GlobalSection(SolutionConfigurationPlatforms) = preSolution
		Debug|Any CPU = Debug|Any CPU
		Release|Any CPU = Release|Any CPU
	EndGlobalSection
	GlobalSection(ProjectConfigurationPlatforms) = postSolution
		{B288B387-4F91-4AEB-A970-C5141D6D3222}.Debug|Any CPU.ActiveCfg = Debug|Any CPU
		{B288B387-4F91-4AEB-A970-C5141D6D3222}.Debug|Any CPU.Build.0 = Debug|Any CPU
		{B288B387-4F91-4AEB-A970-C5141D6D3222}.Release|Any CPU.ActiveCfg = Release|Any CPU
		{B288B387-4F91-4AEB-A970-C5141D6D3222}.Release|Any CPU.Build.0 = Release|Any CPU
		{2CAC8607-E406-4A7F-9DCE-64F1DBE15AB9}.Debug|Any CPU.ActiveCfg = Debug|Any CPU
		{2CAC8607-E406-4A7F-9DCE-64F1DBE15AB9}.Debug|Any CPU.Build.0 = Debug|Any CPU
		{2CAC8607-E406-4A7F-9DCE-64F1DBE15AB9}.Release|Any CPU.ActiveCfg = Release|Any CPU
		{2CAC8607-E406-4A7F-9DCE-64F1DBE15AB9}.Release|Any CPU.Build.0 = Release|Any CPU
	EndGlobalSection
	GlobalSection(SolutionProperties) = preSolution
		HideSolutionNode = FALSE
	EndGlobalSection
	GlobalSection(ExtensibilityGlobals) = postSolution
		SolutionGuid = {80996B35-B45C-43CE-BA5F-95DA17B5840F}
	EndGlobalSection
EndGlobal
